
Microsoft Visual Studio Solution File, Format Version 12.00
# Visual Studio Version 17
VisualStudioVersion = 17.10.35122.118
MinimumVisualStudioVersion = 10.0.40219.1
Project("{FAE04EC0-301F-11D3-BF4B-00C04F79EFBC}") = "RenderMode", "RenderMode\RenderMode.csproj", "{9003C8EA-B86D-4E23-A0A9-D0BF88E7DD8C}"
EndProject
Project("{FAE04EC0-301F-11D3-BF4B-00C04F79EFBC}") = "RenderMode.Client", "RenderMode.Client\RenderMode.Client.csproj", "{563A0160-71C6-433C-BE4D-C6679FD0A418}"
EndProject
Global
	GlobalSection(SolutionConfigurationPlatforms) = preSolution
		Debug|Any CPU = Debug|Any CPU
		Release|Any CPU = Release|Any CPU
	EndGlobalSection
	GlobalSection(ProjectConfigurationPlatforms) = postSolution
		{9003C8EA-B86D-4E23-A0A9-D0BF88E7DD8C}.Debug|Any CPU.ActiveCfg = Debug|Any CPU
		{9003C8EA-B86D-4E23-A0A9-D0BF88E7DD8C}.Debug|Any CPU.Build.0 = Debug|Any CPU
		{9003C8EA-B86D-4E23-A0A9-D0BF88E7DD8C}.Release|Any CPU.ActiveCfg = Release|Any CPU
		{9003C8EA-B86D-4E23-A0A9-D0BF88E7DD8C}.Release|Any CPU.Build.0 = Release|Any CPU
		{563A0160-71C6-433C-BE4D-C6679FD0A418}.Debug|Any CPU.ActiveCfg = Debug|Any CPU
		{563A0160-71C6-433C-BE4D-C6679FD0A418}.Debug|Any CPU.Build.0 = Debug|Any CPU
		{563A0160-71C6-433C-BE4D-C6679FD0A418}.Release|Any CPU.ActiveCfg = Release|Any CPU
		{563A0160-71C6-433C-BE4D-C6679FD0A418}.Release|Any CPU.Build.0 = Release|Any CPU
	EndGlobalSection
	GlobalSection(SolutionProperties) = preSolution
		HideSolutionNode = FALSE
	EndGlobalSection
	GlobalSection(ExtensibilityGlobals) = postSolution
		SolutionGuid = {25A14BFA-C527-4816-BF0B-D2ED224729CD}
	EndGlobalSection
EndGlobal
